{
  "name": "mymini",
  "version": "1.0.0",
  "lockfileVersion": 1,
  "requires": true,
  "dependencies": {
    "@xmldom/xmldom": {
      "version": "0.8.3",
      "resolved": "https://registry.npmjs.org/@xmldom/xmldom/-/xmldom-0.8.3.tgz",
      "integrity": "sha512-Lv2vySXypg4nfa51LY1nU8yDAGo/5YwF+EY/rUZgIbfvwVARcd67ttCM8SMsTeJy51YhHYavEq+FS6R0hW9PFQ=="
    },
    "cos-wx-sdk-v5": {
      "version": "1.4.3",
      "resolved": "https://registry.npmjs.org/cos-wx-sdk-v5/-/cos-wx-sdk-v5-1.4.3.tgz",
      "integrity": "sha512-QvWOIDzqaom2ajMqBdfgEIZfcAeep3HuR5q6ckR8tFFSI3mJT6IHUv48rS++HQoCs7PBxN24k3OJB0QjA+xZlg==",
      "requires": {
        "@xmldom/xmldom": "^0.8.2",
        "mime": "^2.4.6"
      }
    },
    "mime": {
      "version": "2.6.0",
      "resolved": "https://registry.npmjs.org/mime/-/mime-2.6.0.tgz",
      "integrity": "sha512-USPkMeET31rOMiarsBNIHZKLGgvKc/LrjofAnBlOttf5ajRvqiRA8QsenbcooctK6d6Ts6aqZXBA+XbkKthiQg=="
    },
    "tim-wx-sdk": {
      "version": "2.4.0",
      "resolved": "https://registry.npm.taobao.org/tim-wx-sdk/download/tim-wx-sdk-2.4.0.tgz",
      "integrity": "sha1-gbyJSe9AZ/joJpfTNBal/qfdZuM="
    }
  }
}
